# This file is automatically @generated by Cargo.
# It is not intended for manual editing.
version = 4

[[package]]
name = "body"
version = "0.0.0"

[[package]]
name = "soma-abi"
version = "0.0.0"
dependencies = [
 "body",
]

[[package]]
name = "soma-kernel-cuda"
version = "0.0.0"
dependencies = [
 "body",
 "soma-abi",
]
